
Microsoft Visual Studio Solution File, Format Version 12.00
# Visual Studio Version 18
VisualStudioVersion = 18.2.11415.280
MinimumVisualStudioVersion = 10.0.40219.1
Project("{2150E333-8FDC-42A3-9474-1A3956D46DE8}") = "src", "src", "{7D62A9F7-2477-4CB0-9853-AF586609AE49}"
EndProject
Project("{FAE04EC0-301F-11D3-BF4B-00C04F79EFBC}") = "Shared", "src\Shared\Shared.csproj", "{F4A28210-1E50-4671-85C4-F97EB9AF7FD5}"
EndProject
Project("{FAE04EC0-301F-11D3-BF4B-00C04F79EFBC}") = "Sdk", "src\Sdk\Sdk.csproj", "{DD926C75-28A4-44FD-B63D-D6E129DDD358}"
EndProject
Project("{FAE04EC0-301F-11D3-BF4B-00C04F79EFBC}") = "Kernel", "src\Kernel\Kernel.csproj", "{BDB14595-8B8B-4DFA-980B-295B1E1091A6}"
EndProject
Project("{FAE04EC0-301F-11D3-BF4B-00C04F79EFBC}") = "Engine", "src\Engine\Engine.csproj", "{64911A42-42E4-411A-B59B-B6F61C94929D}"
EndProject
Project("{2150E333-8FDC-42A3-9474-1A3956D46DE8}") = "tests", "tests", "{4442E936-7F46-476B-A60D-991757B9D5E0}"
EndProject
Project("{FAE04EC0-301F-11D3-BF4B-00C04F79EFBC}") = "Sdk.UnitTests", "tests\Sdk.UnitTests\Sdk.UnitTests.csproj", "{2435C8D2-9F37-4E89-B95A-B4D665C706C5}"
EndProject
Project("{FAE04EC0-301F-11D3-BF4B-00C04F79EFBC}") = "Sdk.IntegrationTests", "tests\Sdk.IntegrationTests\Sdk.IntegrationTests.csproj", "{355B5780-93CF-4453-A2F1-032A219BCFCC}"
EndProject
Project("{FAE04EC0-301F-11D3-BF4B-00C04F79EFBC}") = "Cloud", "src\Cloud\Cloud.csproj", "{D0D71DC8-7561-426F-AA24-FCAB9B011144}"
EndProject
Project("{FAE04EC0-301F-11D3-BF4B-00C04F79EFBC}") = "Cloud.UnitTests", "tests\Cloud.UnitTests\Cloud.UnitTests.csproj", "{80E1BB3F-5B90-4E2D-BD3D-1EBB37AC6588}"
EndProject
Global
	GlobalSection(SolutionConfigurationPlatforms) = preSolution
		Debug|Any CPU = Debug|Any CPU
		Debug|x64 = Debug|x64
		Debug|x86 = Debug|x86
		Release|Any CPU = Release|Any CPU
		Release|x64 = Release|x64
		Release|x86 = Release|x86
	EndGlobalSection
	GlobalSection(ProjectConfigurationPlatforms) = postSolution
		{F4A28210-1E50-4671-85C4-F97EB9AF7FD5}.Debug|Any CPU.ActiveCfg = Debug|Any CPU
		{F4A28210-1E50-4671-85C4-F97EB9AF7FD5}.Debug|Any CPU.Build.0 = Debug|Any CPU
		{F4A28210-1E50-4671-85C4-F97EB9AF7FD5}.Debug|x64.ActiveCfg = Debug|Any CPU
		{F4A28210-1E50-4671-85C4-F97EB9AF7FD5}.Debug|x64.Build.0 = Debug|Any CPU
		{F4A28210-1E50-4671-85C4-F97EB9AF7FD5}.Debug|x86.ActiveCfg = Debug|Any CPU
		{F4A28210-1E50-4671-85C4-F97EB9AF7FD5}.Debug|x86.Build.0 = Debug|Any CPU
		{F4A28210-1E50-4671-85C4-F97EB9AF7FD5}.Release|Any CPU.ActiveCfg = Release|Any CPU
		{F4A28210-1E50-4671-85C4-F97EB9AF7FD5}.Release|Any CPU.Build.0 = Release|Any CPU
		{F4A28210-1E50-4671-85C4-F97EB9AF7FD5}.Release|x64.ActiveCfg = Release|Any CPU
		{F4A28210-1E50-4671-85C4-F97EB9AF7FD5}.Release|x64.Build.0 = Release|Any CPU
		{F4A28210-1E50-4671-85C4-F97EB9AF7FD5}.Release|x86.ActiveCfg = Release|Any CPU
		{F4A28210-1E50-4671-85C4-F97EB9AF7FD5}.Release|x86.Build.0 = Release|Any CPU
		{DD926C75-28A4-44FD-B63D-D6E129DDD358}.Debug|Any CPU.ActiveCfg = Debug|Any CPU
		{DD926C75-28A4-44FD-B63D-D6E129DDD358}.Debug|Any CPU.Build.0 = Debug|Any CPU
		{DD926C75-28A4-44FD-B63D-D6E129DDD358}.Debug|x64.ActiveCfg = Debug|Any CPU
		{DD926C75-28A4-44FD-B63D-D6E129DDD358}.Debug|x64.Build.0 = Debug|Any CPU
		{DD926C75-28A4-44FD-B63D-D6E129DDD358}.Debug|x86.ActiveCfg = Debug|Any CPU
		{DD926C75-28A4-44FD-B63D-D6E129DDD358}.Debug|x86.Build.0 = Debug|Any CPU
		{DD926C75-28A4-44FD-B63D-D6E129DDD358}.Release|Any CPU.ActiveCfg = Release|Any CPU
		{DD926C75-28A4-44FD-B63D-D6E129DDD358}.Release|Any CPU.Build.0 = Release|Any CPU
		{DD926C75-28A4-44FD-B63D-D6E129DDD358}.Release|x64.ActiveCfg = Release|Any CPU
		{DD926C75-28A4-44FD-B63D-D6E129DDD358}.Release|x64.Build.0 = Release|Any CPU
		{DD926C75-28A4-44FD-B63D-D6E129DDD358}.Release|x86.ActiveCfg = Release|Any CPU
		{DD926C75-28A4-44FD-B63D-D6E129DDD358}.Release|x86.Build.0 = Release|Any CPU
		{BDB14595-8B8B-4DFA-980B-295B1E1091A6}.Debug|Any CPU.ActiveCfg = Debug|Any CPU
		{BDB14595-8B8B-4DFA-980B-295B1E1091A6}.Debug|Any CPU.Build.0 = Debug|Any CPU
		{BDB14595-8B8B-4DFA-980B-295B1E1091A6}.Debug|x64.ActiveCfg = Debug|Any CPU
		{BDB14595-8B8B-4DFA-980B-295B1E1091A6}.Debug|x64.Build.0 = Debug|Any CPU
		{BDB14595-8B8B-4DFA-980B-295B1E1091A6}.Debug|x86.ActiveCfg = Debug|Any CPU
		{BDB14595-8B8B-4DFA-980B-295B1E1091A6}.Debug|x86.Build.0 = Debug|Any CPU
		{BDB14595-8B8B-4DFA-980B-295B1E1091A6}.Release|Any CPU.ActiveCfg = Release|Any CPU
		{BDB14595-8B8B-4DFA-980B-295B1E1091A6}.Release|Any CPU.Build.0 = Release|Any CPU
		{BDB14595-8B8B-4DFA-980B-295B1E1091A6}.Release|x64.ActiveCfg = Release|Any CPU
		{BDB14595-8B8B-4DFA-980B-295B1E1091A6}.Release|x64.Build.0 = Release|Any CPU
		{BDB14595-8B8B-4DFA-980B-295B1E1091A6}.Release|x86.ActiveCfg = Release|Any CPU
		{BDB14595-8B8B-4DFA-980B-295B1E1091A6}.Release|x86.Build.0 = Release|Any CPU
		{64911A42-42E4-411A-B59B-B6F61C94929D}.Debug|Any CPU.ActiveCfg = Debug|Any CPU
		{64911A42-42E4-411A-B59B-B6F61C94929D}.Debug|Any CPU.Build.0 = Debug|Any CPU
		{64911A42-42E4-411A-B59B-B6F61C94929D}.Debug|x64.ActiveCfg = Debug|Any CPU
		{64911A42-42E4-411A-B59B-B6F61C94929D}.Debug|x64.Build.0 = Debug|Any CPU
		{64911A42-42E4-411A-B59B-B6F61C94929D}.Debug|x86.ActiveCfg = Debug|Any CPU
		{64911A42-42E4-411A-B59B-B6F61C94929D}.Debug|x86.Build.0 = Debug|Any CPU
		{64911A42-42E4-411A-B59B-B6F61C94929D}.Release|Any CPU.ActiveCfg = Release|Any CPU
		{64911A42-42E4-411A-B59B-B6F61C94929D}.Release|Any CPU.Build.0 = Release|Any CPU
		{64911A42-42E4-411A-B59B-B6F61C94929D}.Release|x64.ActiveCfg = Release|Any CPU
		{64911A42-42E4-411A-B59B-B6F61C94929D}.Release|x64.Build.0 = Release|Any CPU
		{64911A42-42E4-411A-B59B-B6F61C94929D}.Release|x86.ActiveCfg = Release|Any CPU
		{64911A42-42E4-411A-B59B-B6F61C94929D}.Release|x86.Build.0 = Release|Any CPU
		{2435C8D2-9F37-4E89-B95A-B4D665C706C5}.Debug|Any CPU.ActiveCfg = Debug|Any CPU
		{2435C8D2-9F37-4E89-B95A-B4D665C706C5}.Debug|Any CPU.Build.0 = Debug|Any CPU
		{2435C8D2-9F37-4E89-B95A-B4D665C706C5}.Debug|x64.ActiveCfg = Debug|Any CPU
		{2435C8D2-9F37-4E89-B95A-B4D665C706C5}.Debug|x64.Build.0 = Debug|Any CPU
		{2435C8D2-9F37-4E89-B95A-B4D665C706C5}.Debug|x86.ActiveCfg = Debug|Any CPU
		{2435C8D2-9F37-4E89-B95A-B4D665C706C5}.Debug|x86.Build.0 = Debug|Any CPU
		{2435C8D2-9F37-4E89-B95A-B4D665C706C5}.Release|Any CPU.ActiveCfg = Release|Any CPU
		{2435C8D2-9F37-4E89-B95A-B4D665C706C5}.Release|Any CPU.Build.0 = Release|Any CPU
		{2435C8D2-9F37-4E89-B95A-B4D665C706C5}.Release|x64.ActiveCfg = Release|Any CPU
		{2435C8D2-9F37-4E89-B95A-B4D665C706C5}.Release|x64.Build.0 = Release|Any CPU
		{2435C8D2-9F37-4E89-B95A-B4D665C706C5}.Release|x86.ActiveCfg = Release|Any CPU
		{2435C8D2-9F37-4E89-B95A-B4D665C706C5}.Release|x86.Build.0 = Release|Any CPU
		{355B5780-93CF-4453-A2F1-032A219BCFCC}.Debug|Any CPU.ActiveCfg = Debug|Any CPU
		{355B5780-93CF-4453-A2F1-032A219BCFCC}.Debug|Any CPU.Build.0 = Debug|Any CPU
		{355B5780-93CF-4453-A2F1-032A219BCFCC}.Debug|x64.ActiveCfg = Debug|Any CPU
		{355B5780-93CF-4453-A2F1-032A219BCFCC}.Debug|x64.Build.0 = Debug|Any CPU
		{355B5780-93CF-4453-A2F1-032A219BCFCC}.Debug|x86.ActiveCfg = Debug|Any CPU
		{355B5780-93CF-4453-A2F1-032A219BCFCC}.Debug|x86.Build.0 = Debug|Any CPU
		{355B5780-93CF-4453-A2F1-032A219BCFCC}.Release|Any CPU.ActiveCfg = Release|Any CPU
		{355B5780-93CF-4453-A2F1-032A219BCFCC}.Release|Any CPU.Build.0 = Release|Any CPU
		{355B5780-93CF-4453-A2F1-032A219BCFCC}.Release|x64.ActiveCfg = Release|Any CPU
		{355B5780-93CF-4453-A2F1-032A219BCFCC}.Release|x64.Build.0 = Release|Any CPU
		{355B5780-93CF-4453-A2F1-032A219BCFCC}.Release|x86.ActiveCfg = Release|Any CPU
		{355B5780-93CF-4453-A2F1-032A219BCFCC}.Release|x86.Build.0 = Release|Any CPU
		{D0D71DC8-7561-426F-AA24-FCAB9B011144}.Debug|Any CPU.ActiveCfg = Debug|Any CPU
		{D0D71DC8-7561-426F-AA24-FCAB9B011144}.Debug|Any CPU.Build.0 = Debug|Any CPU
		{D0D71DC8-7561-426F-AA24-FCAB9B011144}.Debug|x64.ActiveCfg = Debug|Any CPU
		{D0D71DC8-7561-426F-AA24-FCAB9B011144}.Debug|x64.Build.0 = Debug|Any CPU
		{D0D71DC8-7561-426F-AA24-FCAB9B011144}.Debug|x86.ActiveCfg = Debug|Any CPU
		{D0D71DC8-7561-426F-AA24-FCAB9B011144}.Debug|x86.Build.0 = Debug|Any CPU
		{D0D71DC8-7561-426F-AA24-FCAB9B011144}.Release|Any CPU.ActiveCfg = Release|Any CPU
		{D0D71DC8-7561-426F-AA24-FCAB9B011144}.Release|Any CPU.Build.0 = Release|Any CPU
		{D0D71DC8-7561-426F-AA24-FCAB9B011144}.Release|x64.ActiveCfg = Release|Any CPU
		{D0D71DC8-7561-426F-AA24-FCAB9B011144}.Release|x64.Build.0 = Release|Any CPU
		{D0D71DC8-7561-426F-AA24-FCAB9B011144}.Release|x86.ActiveCfg = Release|Any CPU
		{D0D71DC8-7561-426F-AA24-FCAB9B011144}.Release|x86.Build.0 = Release|Any CPU
		{80E1BB3F-5B90-4E2D-BD3D-1EBB37AC6588}.Debug|Any CPU.ActiveCfg = Debug|Any CPU
		{80E1BB3F-5B90-4E2D-BD3D-1EBB37AC6588}.Debug|Any CPU.Build.0 = Debug|Any CPU
		{80E1BB3F-5B90-4E2D-BD3D-1EBB37AC6588}.Debug|x64.ActiveCfg = Debug|Any CPU
		{80E1BB3F-5B90-4E2D-BD3D-1EBB37AC6588}.Debug|x64.Build.0 = Debug|Any CPU
		{80E1BB3F-5B90-4E2D-BD3D-1EBB37AC6588}.Debug|x86.ActiveCfg = Debug|Any CPU
		{80E1BB3F-5B90-4E2D-BD3D-1EBB37AC6588}.Debug|x86.Build.0 = Debug|Any CPU
		{80E1BB3F-5B90-4E2D-BD3D-1EBB37AC6588}.Release|Any CPU.ActiveCfg = Release|Any CPU
		{80E1BB3F-5B90-4E2D-BD3D-1EBB37AC6588}.Release|Any CPU.Build.0 = Release|Any CPU
		{80E1BB3F-5B90-4E2D-BD3D-1EBB37AC6588}.Release|x64.ActiveCfg = Release|Any CPU
		{80E1BB3F-5B90-4E2D-BD3D-1EBB37AC6588}.Release|x64.Build.0 = Release|Any CPU
		{80E1BB3F-5B90-4E2D-BD3D-1EBB37AC6588}.Release|x86.ActiveCfg = Release|Any CPU
		{80E1BB3F-5B90-4E2D-BD3D-1EBB37AC6588}.Release|x86.Build.0 = Release|Any CPU
	EndGlobalSection
	GlobalSection(SolutionProperties) = preSolution
		HideSolutionNode = FALSE
	EndGlobalSection
	GlobalSection(NestedProjects) = preSolution
		{F4A28210-1E50-4671-85C4-F97EB9AF7FD5} = {7D62A9F7-2477-4CB0-9853-AF586609AE49}
		{DD926C75-28A4-44FD-B63D-D6E129DDD358} = {7D62A9F7-2477-4CB0-9853-AF586609AE49}
		{BDB14595-8B8B-4DFA-980B-295B1E1091A6} = {7D62A9F7-2477-4CB0-9853-AF586609AE49}
		{64911A42-42E4-411A-B59B-B6F61C94929D} = {7D62A9F7-2477-4CB0-9853-AF586609AE49}
		{2435C8D2-9F37-4E89-B95A-B4D665C706C5} = {4442E936-7F46-476B-A60D-991757B9D5E0}
		{355B5780-93CF-4453-A2F1-032A219BCFCC} = {4442E936-7F46-476B-A60D-991757B9D5E0}
		{D0D71DC8-7561-426F-AA24-FCAB9B011144} = {7D62A9F7-2477-4CB0-9853-AF586609AE49}
		{80E1BB3F-5B90-4E2D-BD3D-1EBB37AC6588} = {4442E936-7F46-476B-A60D-991757B9D5E0}
	EndGlobalSection
	GlobalSection(ExtensibilityGlobals) = postSolution
		SolutionGuid = {77679334-6FAF-4E02-8A32-E3C7FFF20A91}
	EndGlobalSection
EndGlobal
