
Microsoft Visual Studio Solution File, Format Version 12.00
# Visual Studio Version 17
VisualStudioVersion = 17.14.36109.1
MinimumVisualStudioVersion = 10.0.40219.1
Project("{2150E333-8FDC-42A3-9474-1A3956D46DE8}") = "Plugins", "Plugins", "{02EA681E-C7D8-13C7-8484-4AC65E1B71E8}"
EndProject
Project("{2150E333-8FDC-42A3-9474-1A3956D46DE8}") = "Adapters", "Adapters", "{F1690CE2-2B99-4C04-B7CA-8E0983EEDBF1}"
EndProject
Project("{2150E333-8FDC-42A3-9474-1A3956D46DE8}") = "Strategies", "Strategies", "{7DF834D7-3423-4252-9436-94CDA2208ED5}"
EndProject
Project("{FAE04EC0-301F-11D3-BF4B-00C04F79EFBC}") = "MT5", "Plugins\Adapters\MT5\MT5.csproj", "{CAF0E3B2-2CB0-4655-8136-8E12AD3EF2EE}"
EndProject
Project("{FAE04EC0-301F-11D3-BF4B-00C04F79EFBC}") = "Chronos.Samples.Plugins.Adapters.Nobitex", "Plugins\Adapters\Nobitex\Nobitex.csproj", "{5DFB10B4-862F-4248-A431-42A3512B0176}"
EndProject
Project("{FAE04EC0-301F-11D3-BF4B-00C04F79EFBC}") = "CfdSmtDivergence", "Plugins\Strategies\CfdSmtDivergence\CfdSmtDivergence.csproj", "{2675C49D-88DB-413C-BDEC-6CBDF7A776A4}"
EndProject
Global
	GlobalSection(SolutionProperties) = preSolution
		HideSolutionNode = FALSE
	EndGlobalSection
	GlobalSection(NestedProjects) = preSolution
		{F1690CE2-2B99-4C04-B7CA-8E0983EEDBF1} = {02EA681E-C7D8-13C7-8484-4AC65E1B71E8}
		{7DF834D7-3423-4252-9436-94CDA2208ED5} = {02EA681E-C7D8-13C7-8484-4AC65E1B71E8}
		{CAF0E3B2-2CB0-4655-8136-8E12AD3EF2EE} = {F1690CE2-2B99-4C04-B7CA-8E0983EEDBF1}
		{5DFB10B4-862F-4248-A431-42A3512B0176} = {F1690CE2-2B99-4C04-B7CA-8E0983EEDBF1}
		{2675C49D-88DB-413C-BDEC-6CBDF7A776A4} = {7DF834D7-3423-4252-9436-94CDA2208ED5}
	EndGlobalSection
	GlobalSection(ExtensibilityGlobals) = postSolution
		SolutionGuid = {FF622FD5-6342-413D-BEA0-F6D460931C24}
	EndGlobalSection
	GlobalSection(ProjectConfigurationPlatforms) = postSolution
	EndGlobalSection
EndGlobal
